// !$*UTF8*$!
{
	archiveVersion = 1;
	classes = {
	};
	objectVersion = 56;
	objects = {

/* Begin PBXBuildFile section */
		6414E8752BEEB10800B5AAF7 /* LoginController.swift in Sources */ = {isa = PBXBuildFile; fileRef = 6414E8742BEEB10800B5AAF7 /* LoginController.swift */; };
		6415486B2BEA9CC20007DD72 /* AppDelegate.swift in Sources */ = {isa = PBXBuildFile; fileRef = 6415486A2BEA9CC20007DD72 /* AppDelegate.swift */; };
		6415486D2BEA9CC20007DD72 /* SceneDelegate.swift in Sources */ = {isa = PBXBuildFile; fileRef = 6415486C2BEA9CC20007DD72 /* SceneDelegate.swift */; };
		6415486F2BEA9CC20007DD72 /* MainTabController.swift in Sources */ = {isa = PBXBuildFile; fileRef = 6415486E2BEA9CC20007DD72 /* MainTabController.swift */; };
		641548722BEA9CC20007DD72 /* Base in Resources */ = {isa = PBXBuildFile; fileRef = 641548712BEA9CC20007DD72 /* Base */; };
		641548742BEA9CC30007DD72 /* Assets.xcassets in Resources */ = {isa = PBXBuildFile; fileRef = 641548732BEA9CC30007DD72 /* Assets.xcassets */; };
		641548772BEA9CC30007DD72 /* Base in Resources */ = {isa = PBXBuildFile; fileRef = 641548762BEA9CC30007DD72 /* Base */; };
		641548872BEA9F690007DD72 /* FeedController.swift in Sources */ = {isa = PBXBuildFile; fileRef = 641548862BEA9F690007DD72 /* FeedController.swift */; };
		641548892BEAA02A0007DD72 /* ExploreController.swift in Sources */ = {isa = PBXBuildFile; fileRef = 641548882BEAA02A0007DD72 /* ExploreController.swift */; };
		6415488B2BEAA0360007DD72 /* NotificationsController.swift in Sources */ = {isa = PBXBuildFile; fileRef = 6415488A2BEAA0360007DD72 /* NotificationsController.swift */; };
		6415488D2BEAA03D0007DD72 /* ConversationsController.swift in Sources */ = {isa = PBXBuildFile; fileRef = 6415488C2BEAA03D0007DD72 /* ConversationsController.swift */; };
		6415488F2BEAC6FE0007DD72 /* Extensions.swift in Sources */ = {isa = PBXBuildFile; fileRef = 6415488E2BEAC6FE0007DD72 /* Extensions.swift */; };
		64A3A0852BF3EA1A00317B28 /* RegistrationController.swift in Sources */ = {isa = PBXBuildFile; fileRef = 64A3A0842BF3EA1A00317B28 /* RegistrationController.swift */; };
		64E692D32BFE659900ADCA3C /* GoogleService-Info.plist in Resources */ = {isa = PBXBuildFile; fileRef = 64E692D22BFE659900ADCA3C /* GoogleService-Info.plist */; };
		64E692D62BFE676F00ADCA3C /* FirebaseAuth in Frameworks */ = {isa = PBXBuildFile; productRef = 64E692D52BFE676F00ADCA3C /* FirebaseAuth */; };
		64E692D82BFE676F00ADCA3C /* FirebaseDatabase in Frameworks */ = {isa = PBXBuildFile; productRef = 64E692D72BFE676F00ADCA3C /* FirebaseDatabase */; };
		64E692DA2BFE676F00ADCA3C /* FirebaseDatabaseSwift in Frameworks */ = {isa = PBXBuildFile; productRef = 64E692D92BFE676F00ADCA3C /* FirebaseDatabaseSwift */; };
		64E692DC2BFE676F00ADCA3C /* FirebaseFirestore in Frameworks */ = {isa = PBXBuildFile; productRef = 64E692DB2BFE676F00ADCA3C /* FirebaseFirestore */; };
		64E692DE2BFE676F00ADCA3C /* FirebaseFirestoreCombine-Community in Frameworks */ = {isa = PBXBuildFile; productRef = 64E692DD2BFE676F00ADCA3C /* FirebaseFirestoreCombine-Community */; };
		64E692E02BFE676F00ADCA3C /* FirebaseFirestoreSwift in Frameworks */ = {isa = PBXBuildFile; productRef = 64E692DF2BFE676F00ADCA3C /* FirebaseFirestoreSwift */; };
		64E692E22BFE676F00ADCA3C /* FirebaseStorage in Frameworks */ = {isa = PBXBuildFile; productRef = 64E692E12BFE676F00ADCA3C /* FirebaseStorage */; };
		64F0EE952BF5348200B2C4B9 /* Utilities.swift in Sources */ = {isa = PBXBuildFile; fileRef = 64F0EE942BF5348200B2C4B9 /* Utilities.swift */; };
/* End PBXBuildFile section */

/* Begin PBXFileReference section */
		6414E8742BEEB10800B5AAF7 /* LoginController.swift */ = {isa = PBXFileReference; lastKnownFileType = sourcecode.swift; path = LoginController.swift; sourceTree = "<group>"; };
		641548672BEA9CC20007DD72 /* TwitterClone.app */ = {isa = PBXFileReference; explicitFileType = wrapper.application; includeInIndex = 0; path = TwitterClone.app; sourceTree = BUILT_PRODUCTS_DIR; };
		6415486A2BEA9CC20007DD72 /* AppDelegate.swift */ = {isa = PBXFileReference; lastKnownFileType = sourcecode.swift; path = AppDelegate.swift; sourceTree = "<group>"; };
		6415486C2BEA9CC20007DD72 /* SceneDelegate.swift */ = {isa = PBXFileReference; lastKnownFileType = sourcecode.swift; path = SceneDelegate.swift; sourceTree = "<group>"; };
		6415486E2BEA9CC20007DD72 /* MainTabController.swift */ = {isa = PBXFileReference; lastKnownFileType = sourcecode.swift; path = MainTabController.swift; sourceTree = "<group>"; };
		641548712BEA9CC20007DD72 /* Base */ = {isa = PBXFileReference; lastKnownFileType = file.storyboard; name = Base; path = Base.lproj/Main.storyboard; sourceTree = "<group>"; };
		641548732BEA9CC30007DD72 /* Assets.xcassets */ = {isa = PBXFileReference; lastKnownFileType = folder.assetcatalog; path = Assets.xcassets; sourceTree = "<group>"; };
		641548762BEA9CC30007DD72 /* Base */ = {isa = PBXFileReference; lastKnownFileType = file.storyboard; name = Base; path = Base.lproj/LaunchScreen.storyboard; sourceTree = "<group>"; };
		641548782BEA9CC30007DD72 /* Info.plist */ = {isa = PBXFileReference; lastKnownFileType = text.plist.xml; path = Info.plist; sourceTree = "<group>"; };
		641548862BEA9F690007DD72 /* FeedController.swift */ = {isa = PBXFileReference; lastKnownFileType = sourcecode.swift; path = FeedController.swift; sourceTree = "<group>"; };
		641548882BEAA02A0007DD72 /* ExploreController.swift */ = {isa = PBXFileReference; lastKnownFileType = sourcecode.swift; path = ExploreController.swift; sourceTree = "<group>"; };
		6415488A2BEAA0360007DD72 /* NotificationsController.swift */ = {isa = PBXFileReference; lastKnownFileType = sourcecode.swift; path = NotificationsController.swift; sourceTree = "<group>"; };
		6415488C2BEAA03D0007DD72 /* ConversationsController.swift */ = {isa = PBXFileReference; lastKnownFileType = sourcecode.swift; path = ConversationsController.swift; sourceTree = "<group>"; };
		6415488E2BEAC6FE0007DD72 /* Extensions.swift */ = {isa = PBXFileReference; lastKnownFileType = sourcecode.swift; path = Extensions.swift; sourceTree = "<group>"; };
		64A3A0842BF3EA1A00317B28 /* RegistrationController.swift */ = {isa = PBXFileReference; lastKnownFileType = sourcecode.swift; path = RegistrationController.swift; sourceTree = "<group>"; };
		64E692D22BFE659900ADCA3C /* GoogleService-Info.plist */ = {isa = PBXFileReference; fileEncoding = 4; lastKnownFileType = text.plist.xml; path = "GoogleService-Info.plist"; sourceTree = "<group>"; };
		64F0EE942BF5348200B2C4B9 /* Utilities.swift */ = {isa = PBXFileReference; lastKnownFileType = sourcecode.swift; path = Utilities.swift; sourceTree = "<group>"; };
/* End PBXFileReference section */

/* Begin PBXFrameworksBuildPhase section */
		641548642BEA9CC20007DD72 /* Frameworks */ = {
			isa = PBXFrameworksBuildPhase;
			buildActionMask = 2147483647;
			files = (
				64E692DA2BFE676F00ADCA3C /* FirebaseDatabaseSwift in Frameworks */,
				64E692DC2BFE676F00ADCA3C /* FirebaseFirestore in Frameworks */,
				64E692D82BFE676F00ADCA3C /* FirebaseDatabase in Frameworks */,
				64E692DE2BFE676F00ADCA3C /* FirebaseFirestoreCombine-Community in Frameworks */,
				64E692E22BFE676F00ADCA3C /* FirebaseStorage in Frameworks */,
				64E692D62BFE676F00ADCA3C /* FirebaseAuth in Frameworks */,
				64E692E02BFE676F00ADCA3C /* FirebaseFirestoreSwift in Frameworks */,
			);
			runOnlyForDeploymentPostprocessing = 0;
		};
/* End PBXFrameworksBuildPhase section */

/* Begin PBXGroup section */
		6414E8732BEEB0EE00B5AAF7 /* Authentication */ = {
			isa = PBXGroup;
			children = (
				6414E8742BEEB10800B5AAF7 /* LoginController.swift */,
				64A3A0842BF3EA1A00317B28 /* RegistrationController.swift */,
			);
			path = Authentication;
			sourceTree = "<group>";
		};
		6415485E2BEA9CC20007DD72 = {
			isa = PBXGroup;
			children = (
				641548692BEA9CC20007DD72 /* TwitterClone */,
				641548682BEA9CC20007DD72 /* Products */,
			);
			sourceTree = "<group>";
		};
		641548682BEA9CC20007DD72 /* Products */ = {
			isa = PBXGroup;
			children = (
				641548672BEA9CC20007DD72 /* TwitterClone.app */,
			);
			name = Products;
			sourceTree = "<group>";
		};
		641548692BEA9CC20007DD72 /* TwitterClone */ = {
			isa = PBXGroup;
			children = (
				641548852BEA9D0D0007DD72 /* Model */,
				641548842BEA9D0A0007DD72 /* View */,
				641548832BEA9D050007DD72 /* ViewModel */,
				641548822BEA9D010007DD72 /* Controller */,
				6415487F2BEA9CEC0007DD72 /* API */,
				6415487E2BEA9CE20007DD72 /* Utility */,
				6415486A2BEA9CC20007DD72 /* AppDelegate.swift */,
				6415486C2BEA9CC20007DD72 /* SceneDelegate.swift */,
				641548702BEA9CC20007DD72 /* Main.storyboard */,
				641548732BEA9CC30007DD72 /* Assets.xcassets */,
				641548752BEA9CC30007DD72 /* LaunchScreen.storyboard */,
				641548782BEA9CC30007DD72 /* Info.plist */,
				64E692D22BFE659900ADCA3C /* GoogleService-Info.plist */,
			);
			path = TwitterClone;
			sourceTree = "<group>";
		};
		6415487E2BEA9CE20007DD72 /* Utility */ = {
			isa = PBXGroup;
			children = (
				6415488E2BEAC6FE0007DD72 /* Extensions.swift */,
				64F0EE942BF5348200B2C4B9 /* Utilities.swift */,
			);
			path = Utility;
			sourceTree = "<group>";
		};
		6415487F2BEA9CEC0007DD72 /* API */ = {
			isa = PBXGroup;
			children = (
			);
			path = API;
			sourceTree = "<group>";
		};
		641548822BEA9D010007DD72 /* Controller */ = {
			isa = PBXGroup;
			children = (
				6414E8732BEEB0EE00B5AAF7 /* Authentication */,
				6415486E2BEA9CC20007DD72 /* MainTabController.swift */,
				641548862BEA9F690007DD72 /* FeedController.swift */,
				641548882BEAA02A0007DD72 /* ExploreController.swift */,
				6415488A2BEAA0360007DD72 /* NotificationsController.swift */,
				6415488C2BEAA03D0007DD72 /* ConversationsController.swift */,
			);
			path = Controller;
			sourceTree = "<group>";
		};
		641548832BEA9D050007DD72 /* ViewModel */ = {
			isa = PBXGroup;
			children = (
			);
			path = ViewModel;
			sourceTree = "<group>";
		};
		641548842BEA9D0A0007DD72 /* View */ = {
			isa = PBXGroup;
			children = (
			);
			path = View;
			sourceTree = "<group>";
		};
		641548852BEA9D0D0007DD72 /* Model */ = {
			isa = PBXGroup;
			children = (
			);
			path = Model;
			sourceTree = "<group>";
		};
/* End PBXGroup section */

/* Begin PBXNativeTarget section */
		641548662BEA9CC20007DD72 /* TwitterClone */ = {
			isa = PBXNativeTarget;
			buildConfigurationList = 6415487B2BEA9CC30007DD72 /* Build configuration list for PBXNativeTarget "TwitterClone" */;
			buildPhases = (
				641548632BEA9CC20007DD72 /* Sources */,
				641548642BEA9CC20007DD72 /* Frameworks */,
				641548652BEA9CC20007DD72 /* Resources */,
			);
			buildRules = (
			);
			dependencies = (
			);
			name = TwitterClone;
			packageProductDependencies = (
				64E692D52BFE676F00ADCA3C /* FirebaseAuth */,
				64E692D72BFE676F00ADCA3C /* FirebaseDatabase */,
				64E692D92BFE676F00ADCA3C /* FirebaseDatabaseSwift */,
				64E692DB2BFE676F00ADCA3C /* FirebaseFirestore */,
				64E692DD2BFE676F00ADCA3C /* FirebaseFirestoreCombine-Community */,
				64E692DF2BFE676F00ADCA3C /* FirebaseFirestoreSwift */,
				64E692E12BFE676F00ADCA3C /* FirebaseStorage */,
			);
			productName = TwitterClone;
			productReference = 641548672BEA9CC20007DD72 /* TwitterClone.app */;
			productType = "com.apple.product-type.application";
		};
/* End PBXNativeTarget section */

/* Begin PBXProject section */
		6415485F2BEA9CC20007DD72 /* Project object */ = {
			isa = PBXProject;
			attributes = {
				BuildIndependentTargetsInParallel = 1;
				LastSwiftUpdateCheck = 1530;
				LastUpgradeCheck = 1530;
				TargetAttributes = {
					641548662BEA9CC20007DD72 = {
						CreatedOnToolsVersion = 15.3;
					};
				};
			};
			buildConfigurationList = 641548622BEA9CC20007DD72 /* Build configuration list for PBXProject "TwitterClone" */;
			compatibilityVersion = "Xcode 14.0";
			developmentRegion = en;
			hasScannedForEncodings = 0;
			knownRegions = (
				en,
				Base,
			);
			mainGroup = 6415485E2BEA9CC20007DD72;
			packageReferences = (
				64E692D42BFE676F00ADCA3C /* XCRemoteSwiftPackageReference "firebase-ios-sdk" */,
			);
			productRefGroup = 641548682BEA9CC20007DD72 /* Products */;
			projectDirPath = "";
			projectRoot = "";
			targets = (
				641548662BEA9CC20007DD72 /* TwitterClone */,
			);
		};
/* End PBXProject section */

/* Begin PBXResourcesBuildPhase section */
		641548652BEA9CC20007DD72 /* Resources */ = {
			isa = PBXResourcesBuildPhase;
			buildActionMask = 2147483647;
			files = (
				641548742BEA9CC30007DD72 /* Assets.xcassets in Resources */,
				64E692D32BFE659900ADCA3C /* GoogleService-Info.plist in Resources */,
				641548772BEA9CC30007DD72 /* Base in Resources */,
				641548722BEA9CC20007DD72 /* Base in Resources */,
			);
			runOnlyForDeploymentPostprocessing = 0;
		};
/* End PBXResourcesBuildPhase section */

/* Begin PBXSourcesBuildPhase section */
		641548632BEA9CC20007DD72 /* Sources */ = {
			isa = PBXSourcesBuildPhase;
			buildActionMask = 2147483647;
			files = (
				6415488B2BEAA0360007DD72 /* NotificationsController.swift in Sources */,
				6415488D2BEAA03D0007DD72 /* ConversationsController.swift in Sources */,
				64F0EE952BF5348200B2C4B9 /* Utilities.swift in Sources */,
				6415486F2BEA9CC20007DD72 /* MainTabController.swift in Sources */,
				6415488F2BEAC6FE0007DD72 /* Extensions.swift in Sources */,
				6414E8752BEEB10800B5AAF7 /* LoginController.swift in Sources */,
				641548892BEAA02A0007DD72 /* ExploreController.swift in Sources */,
				6415486B2BEA9CC20007DD72 /* AppDelegate.swift in Sources */,
				6415486D2BEA9CC20007DD72 /* SceneDelegate.swift in Sources */,
				64A3A0852BF3EA1A00317B28 /* RegistrationController.swift in Sources */,
				641548872BEA9F690007DD72 /* FeedController.swift in Sources */,
			);
			runOnlyForDeploymentPostprocessing = 0;
		};
/* End PBXSourcesBuildPhase section */

/* Begin PBXVariantGroup section */
		641548702BEA9CC20007DD72 /* Main.storyboard */ = {
			isa = PBXVariantGroup;
			children = (
				641548712BEA9CC20007DD72 /* Base */,
			);
			name = Main.storyboard;
			sourceTree = "<group>";
		};
		641548752BEA9CC30007DD72 /* LaunchScreen.storyboard */ = {
			isa = PBXVariantGroup;
			children = (
				641548762BEA9CC30007DD72 /* Base */,
			);
			name = LaunchScreen.storyboard;
			sourceTree = "<group>";
		};
/* End PBXVariantGroup section */

/* Begin XCBuildConfiguration section */
		641548792BEA9CC30007DD72 /* Debug */ = {
			isa = XCBuildConfiguration;
			buildSettings = {
				ALWAYS_SEARCH_USER_PATHS = NO;
				ASSETCATALOG_COMPILER_GENERATE_SWIFT_ASSET_SYMBOL_EXTENSIONS = YES;
				CLANG_ANALYZER_NONNULL = YES;
				CLANG_ANALYZER_NUMBER_OBJECT_CONVERSION = YES_AGGRESSIVE;
				CLANG_CXX_LANGUAGE_STANDARD = "gnu++20";
				CLANG_ENABLE_MODULES = YES;
				CLANG_ENABLE_OBJC_ARC = YES;
				CLANG_ENABLE_OBJC_WEAK = YES;
				CLANG_WARN_BLOCK_CAPTURE_AUTORELEASING = YES;
				CLANG_WARN_BOOL_CONVERSION = YES;
				CLANG_WARN_COMMA = YES;
				CLANG_WARN_CONSTANT_CONVERSION = YES;
				CLANG_WARN_DEPRECATED_OBJC_IMPLEMENTATIONS = YES;
				CLANG_WARN_DIRECT_OBJC_ISA_USAGE = YES_ERROR;
				CLANG_WARN_DOCUMENTATION_COMMENTS = YES;
				CLANG_WARN_EMPTY_BODY = YES;
				CLANG_WARN_ENUM_CONVERSION = YES;
				CLANG_WARN_INFINITE_RECURSION = YES;
				CLANG_WARN_INT_CONVERSION = YES;
				CLANG_WARN_NON_LITERAL_NULL_CONVERSION = YES;
				CLANG_WARN_OBJC_IMPLICIT_RETAIN_SELF = YES;
				CLANG_WARN_OBJC_LITERAL_CONVERSION = YES;
				CLANG_WARN_OBJC_ROOT_CLASS = YES_ERROR;
				CLANG_WARN_QUOTED_INCLUDE_IN_FRAMEWORK_HEADER = YES;
				CLANG_WARN_RANGE_LOOP_ANALYSIS = YES;
				CLANG_WARN_STRICT_PROTOTYPES = YES;
				CLANG_WARN_SUSPICIOUS_MOVE = YES;
				CLANG_WARN_UNGUARDED_AVAILABILITY = YES_AGGRESSIVE;
				CLANG_WARN_UNREACHABLE_CODE = YES;
				CLANG_WARN__DUPLICATE_METHOD_MATCH = YES;
				COPY_PHASE_STRIP = NO;
				DEBUG_INFORMATION_FORMAT = dwarf;
				ENABLE_STRICT_OBJC_MSGSEND = YES;
				ENABLE_TESTABILITY = YES;
				ENABLE_USER_SCRIPT_SANDBOXING = YES;
				GCC_C_LANGUAGE_STANDARD = gnu17;
				GCC_DYNAMIC_NO_PIC = NO;
				GCC_NO_COMMON_BLOCKS = YES;
				GCC_OPTIMIZATION_LEVEL = 0;
				GCC_PREPROCESSOR_DEFINITIONS = (
					"DEBUG=1",
					"$(inherited)",
				);
				GCC_WARN_64_TO_32_BIT_CONVERSION = YES;
				GCC_WARN_ABOUT_RETURN_TYPE = YES_ERROR;
				GCC_WARN_UNDECLARED_SELECTOR = YES;
				GCC_WARN_UNINITIALIZED_AUTOS = YES_AGGRESSIVE;
				GCC_WARN_UNUSED_FUNCTION = YES;
				GCC_WARN_UNUSED_VARIABLE = YES;
				IPHONEOS_DEPLOYMENT_TARGET = 13.0;
				LOCALIZATION_PREFERS_STRING_CATALOGS = YES;
				MTL_ENABLE_DEBUG_INFO = INCLUDE_SOURCE;
				MTL_FAST_MATH = YES;
				ONLY_ACTIVE_ARCH = YES;
				SDKROOT = iphoneos;
				SWIFT_ACTIVE_COMPILATION_CONDITIONS = "DEBUG $(inherited)";
				SWIFT_OPTIMIZATION_LEVEL = "-Onone";
			};
			name = Debug;
		};
		6415487A2BEA9CC30007DD72 /* Release */ = {
			isa = XCBuildConfiguration;
			buildSettings = {
				ALWAYS_SEARCH_USER_PATHS = NO;
				ASSETCATALOG_COMPILER_GENERATE_SWIFT_ASSET_SYMBOL_EXTENSIONS = YES;
				CLANG_ANALYZER_NONNULL = YES;
				CLANG_ANALYZER_NUMBER_OBJECT_CONVERSION = YES_AGGRESSIVE;
				CLANG_CXX_LANGUAGE_STANDARD = "gnu++20";
				CLANG_ENABLE_MODULES = YES;
				CLANG_ENABLE_OBJC_ARC = YES;
				CLANG_ENABLE_OBJC_WEAK = YES;
				CLANG_WARN_BLOCK_CAPTURE_AUTORELEASING = YES;
				CLANG_WARN_BOOL_CONVERSION = YES;
				CLANG_WARN_COMMA = YES;
				CLANG_WARN_CONSTANT_CONVERSION = YES;
				CLANG_WARN_DEPRECATED_OBJC_IMPLEMENTATIONS = YES;
				CLANG_WARN_DIRECT_OBJC_ISA_USAGE = YES_ERROR;
				CLANG_WARN_DOCUMENTATION_COMMENTS = YES;
				CLANG_WARN_EMPTY_BODY = YES;
				CLANG_WARN_ENUM_CONVERSION = YES;
				CLANG_WARN_INFINITE_RECURSION = YES;
				CLANG_WARN_INT_CONVERSION = YES;
				CLANG_WARN_NON_LITERAL_NULL_CONVERSION = YES;
				CLANG_WARN_OBJC_IMPLICIT_RETAIN_SELF = YES;
				CLANG_WARN_OBJC_LITERAL_CONVERSION = YES;
				CLANG_WARN_OBJC_ROOT_CLASS = YES_ERROR;
				CLANG_WARN_QUOTED_INCLUDE_IN_FRAMEWORK_HEADER = YES;
				CLANG_WARN_RANGE_LOOP_ANALYSIS = YES;
				CLANG_WARN_STRICT_PROTOTYPES = YES;
				CLANG_WARN_SUSPICIOUS_MOVE = YES;
				CLANG_WARN_UNGUARDED_AVAILABILITY = YES_AGGRESSIVE;
				CLANG_WARN_UNREACHABLE_CODE = YES;
				CLANG_WARN__DUPLICATE_METHOD_MATCH = YES;
				COPY_PHASE_STRIP = NO;
				DEBUG_INFORMATION_FORMAT = "dwarf-with-dsym";
				ENABLE_NS_ASSERTIONS = NO;
				ENABLE_STRICT_OBJC_MSGSEND = YES;
				ENABLE_USER_SCRIPT_SANDBOXING = YES;
				GCC_C_LANGUAGE_STANDARD = gnu17;
				GCC_NO_COMMON_BLOCKS = YES;
				GCC_WARN_64_TO_32_BIT_CONVERSION = YES;
				GCC_WARN_ABOUT_RETURN_TYPE = YES_ERROR;
				GCC_WARN_UNDECLARED_SELECTOR = YES;
				GCC_WARN_UNINITIALIZED_AUTOS = YES_AGGRESSIVE;
				GCC_WARN_UNUSED_FUNCTION = YES;
				GCC_WARN_UNUSED_VARIABLE = YES;
				IPHONEOS_DEPLOYMENT_TARGET = 13.0;
				LOCALIZATION_PREFERS_STRING_CATALOGS = YES;
				MTL_ENABLE_DEBUG_INFO = NO;
				MTL_FAST_MATH = YES;
				SDKROOT = iphoneos;
				SWIFT_COMPILATION_MODE = wholemodule;
				VALIDATE_PRODUCT = YES;
			};
			name = Release;
		};
		6415487C2BEA9CC30007DD72 /* Debug */ = {
			isa = XCBuildConfiguration;
			buildSettings = {
				ASSETCATALOG_COMPILER_APPICON_NAME = AppIcon;
				ASSETCATALOG_COMPILER_GLOBAL_ACCENT_COLOR_NAME = AccentColor;
				CODE_SIGN_STYLE = Automatic;
				CURRENT_PROJECT_VERSION = 1;
				DEVELOPMENT_TEAM = N8877H53MP;
				GENERATE_INFOPLIST_FILE = YES;
				INFOPLIST_FILE = TwitterClone/Info.plist;
				INFOPLIST_KEY_LSApplicationCategoryType = "public.app-category.social-networking";
				INFOPLIST_KEY_UIApplicationSupportsIndirectInputEvents = YES;
				INFOPLIST_KEY_UILaunchStoryboardName = LaunchScreen;
				INFOPLIST_KEY_UIMainStoryboardFile = Main;
				INFOPLIST_KEY_UISupportedInterfaceOrientations_iPad = "UIInterfaceOrientationPortrait UIInterfaceOrientationPortraitUpsideDown UIInterfaceOrientationLandscapeLeft UIInterfaceOrientationLandscapeRight";
				INFOPLIST_KEY_UISupportedInterfaceOrientations_iPhone = "UIInterfaceOrientationPortrait UIInterfaceOrientationLandscapeLeft UIInterfaceOrientationLandscapeRight";
				IPHONEOS_DEPLOYMENT_TARGET = 13.0;
				LD_RUNPATH_SEARCH_PATHS = (
					"$(inherited)",
					"@executable_path/Frameworks",
				);
				MARKETING_VERSION = 1.0;
				PRODUCT_BUNDLE_IDENTIFIER = com.lefthandedapps.TwitterClone;
				PRODUCT_NAME = "$(TARGET_NAME)";
				SWIFT_EMIT_LOC_STRINGS = YES;
				SWIFT_VERSION = 5.0;
				TARGETED_DEVICE_FAMILY = "1,2";
			};
			name = Debug;
		};
		6415487D2BEA9CC30007DD72 /* Release */ = {
			isa = XCBuildConfiguration;
			buildSettings = {
				ASSETCATALOG_COMPILER_APPICON_NAME = AppIcon;
				ASSETCATALOG_COMPILER_GLOBAL_ACCENT_COLOR_NAME = AccentColor;
				CODE_SIGN_STYLE = Automatic;
				CURRENT_PROJECT_VERSION = 1;
				DEVELOPMENT_TEAM = N8877H53MP;
				GENERATE_INFOPLIST_FILE = YES;
				INFOPLIST_FILE = TwitterClone/Info.plist;
				INFOPLIST_KEY_LSApplicationCategoryType = "public.app-category.social-networking";
				INFOPLIST_KEY_UIApplicationSupportsIndirectInputEvents = YES;
				INFOPLIST_KEY_UILaunchStoryboardName = LaunchScreen;
				INFOPLIST_KEY_UIMainStoryboardFile = Main;
				INFOPLIST_KEY_UISupportedInterfaceOrientations_iPad = "UIInterfaceOrientationPortrait UIInterfaceOrientationPortraitUpsideDown UIInterfaceOrientationLandscapeLeft UIInterfaceOrientationLandscapeRight";
				INFOPLIST_KEY_UISupportedInterfaceOrientations_iPhone = "UIInterfaceOrientationPortrait UIInterfaceOrientationLandscapeLeft UIInterfaceOrientationLandscapeRight";
				IPHONEOS_DEPLOYMENT_TARGET = 13.0;
				LD_RUNPATH_SEARCH_PATHS = (
					"$(inherited)",
					"@executable_path/Frameworks",
				);
				MARKETING_VERSION = 1.0;
				PRODUCT_BUNDLE_IDENTIFIER = com.lefthandedapps.TwitterClone;
				PRODUCT_NAME = "$(TARGET_NAME)";
				SWIFT_EMIT_LOC_STRINGS = YES;
				SWIFT_VERSION = 5.0;
				TARGETED_DEVICE_FAMILY = "1,2";
			};
			name = Release;
		};
/* End XCBuildConfiguration section */

/* Begin XCConfigurationList section */
		641548622BEA9CC20007DD72 /* Build configuration list for PBXProject "TwitterClone" */ = {
			isa = XCConfigurationList;
			buildConfigurations = (
				641548792BEA9CC30007DD72 /* Debug */,
				6415487A2BEA9CC30007DD72 /* Release */,
			);
			defaultConfigurationIsVisible = 0;
			defaultConfigurationName = Release;
		};
		6415487B2BEA9CC30007DD72 /* Build configuration list for PBXNativeTarget "TwitterClone" */ = {
			isa = XCConfigurationList;
			buildConfigurations = (
				6415487C2BEA9CC30007DD72 /* Debug */,
				6415487D2BEA9CC30007DD72 /* Release */,
			);
			defaultConfigurationIsVisible = 0;
			defaultConfigurationName = Release;
		};
/* End XCConfigurationList section */

/* Begin XCRemoteSwiftPackageReference section */
		64E692D42BFE676F00ADCA3C /* XCRemoteSwiftPackageReference "firebase-ios-sdk" */ = {
			isa = XCRemoteSwiftPackageReference;
			repositoryURL = "https://github.com/firebase/firebase-ios-sdk";
			requirement = {
				kind = upToNextMajorVersion;
				minimumVersion = 10.26.0;
			};
		};
/* End XCRemoteSwiftPackageReference section */

/* Begin XCSwiftPackageProductDependency section */
		64E692D52BFE676F00ADCA3C /* FirebaseAuth */ = {
			isa = XCSwiftPackageProductDependency;
			package = 64E692D42BFE676F00ADCA3C /* XCRemoteSwiftPackageReference "firebase-ios-sdk" */;
			productName = FirebaseAuth;
		};
		64E692D72BFE676F00ADCA3C /* FirebaseDatabase */ = {
			isa = XCSwiftPackageProductDependency;
			package = 64E692D42BFE676F00ADCA3C /* XCRemoteSwiftPackageReference "firebase-ios-sdk" */;
			productName = FirebaseDatabase;
		};
		64E692D92BFE676F00ADCA3C /* FirebaseDatabaseSwift */ = {
			isa = XCSwiftPackageProductDependency;
			package = 64E692D42BFE676F00ADCA3C /* XCRemoteSwiftPackageReference "firebase-ios-sdk" */;
			productName = FirebaseDatabaseSwift;
		};
		64E692DB2BFE676F00ADCA3C /* FirebaseFirestore */ = {
			isa = XCSwiftPackageProductDependency;
			package = 64E692D42BFE676F00ADCA3C /* XCRemoteSwiftPackageReference "firebase-ios-sdk" */;
			productName = FirebaseFirestore;
		};
		64E692DD2BFE676F00ADCA3C /* FirebaseFirestoreCombine-Community */ = {
			isa = XCSwiftPackageProductDependency;
			package = 64E692D42BFE676F00ADCA3C /* XCRemoteSwiftPackageReference "firebase-ios-sdk" */;
			productName = "FirebaseFirestoreCombine-Community";
		};
		64E692DF2BFE676F00ADCA3C /* FirebaseFirestoreSwift */ = {
			isa = XCSwiftPackageProductDependency;
			package = 64E692D42BFE676F00ADCA3C /* XCRemoteSwiftPackageReference "firebase-ios-sdk" */;
			productName = FirebaseFirestoreSwift;
		};
		64E692E12BFE676F00ADCA3C /* FirebaseStorage */ = {
			isa = XCSwiftPackageProductDependency;
			package = 64E692D42BFE676F00ADCA3C /* XCRemoteSwiftPackageReference "firebase-ios-sdk" */;
			productName = FirebaseStorage;
		};
/* End XCSwiftPackageProductDependency section */
	};
	rootObject = 6415485F2BEA9CC20007DD72 /* Project object */;
}
